// !$*UTF8*$!
{
	archiveVersion = 1;
	classes = {
	};
	objectVersion = 56;
	objects = {

/* Begin PBXBuildFile section */
		8F27B8292C48D660003441EE /* Bigilla.otf in Resources */ = {isa = PBXBuildFile; fileRef = 8F27B82A2C48D660003441EE /* Bigilla.otf */; };
		8F27B82B2C48D667003441EE /* Bigilla-Bold.otf in Resources */ = {isa = PBXBuildFile; fileRef = 8F27B82C2C48D667003441EE /* Bigilla-Bold.otf */; };
		8F2EDD6F2C1E0E41000F4470 /* SettingsView.swift in Sources */ = {isa = PBXBuildFile; fileRef = 8F2EDD6E2C1E0E41000F4470 /* SettingsView.swift */; };
		8F50270B2C179E4F00832ADA /* TimesAIApp.swift in Sources */ = {isa = PBXBuildFile; fileRef = 8F50270A2C179E4F00832ADA /* TimesAIApp.swift */; };
		8F50270D2C179E4F00832ADA /* ContentView.swift in Sources */ = {isa = PBXBuildFile; fileRef = 8F50270C2C179E4F00832ADA /* ContentView.swift */; };
		8F50270F2C179E4F00832ADA /* Item.swift in Sources */ = {isa = PBXBuildFile; fileRef = 8F50270E2C179E4F00832ADA /* Item.swift */; };
		8F5027112C179E5100832ADA /* Assets.xcassets in Resources */ = {isa = PBXBuildFile; fileRef = 8F5027102C179E5100832ADA /* Assets.xcassets */; };
		8F5027142C179E5100832ADA /* Preview Assets.xcassets in Resources */ = {isa = PBXBuildFile; fileRef = 8F5027132C179E5100832ADA /* Preview Assets.xcassets */; };
		8F50271D2C179E9400832ADA /* StruggleView.swift in Sources */ = {isa = PBXBuildFile; fileRef = 8F50271C2C179E9400832ADA /* StruggleView.swift */; };
		8F50271F2C179EA600832ADA /* StatisticsView.swift in Sources */ = {isa = PBXBuildFile; fileRef = 8F50271E2C179EA600832ADA /* StatisticsView.swift */; };
		8FCAFFC32C48E31A009958E6 /* Launch Screen.storyboard in Resources */ = {isa = PBXBuildFile; fileRef = 8FCAFFC22C48E31A009958E6 /* Launch Screen.storyboard */; };
/* End PBXBuildFile section */

/* Begin PBXFileReference section */
		8F27B82A2C48D660003441EE /* Bigilla.otf */ = {isa = PBXFileReference; lastKnownFileType = file; path = Bigilla.otf; sourceTree = "<group>"; };
		8F27B82C2C48D667003441EE /* Bigilla-Bold.otf */ = {isa = PBXFileReference; lastKnownFileType = file; path = "Bigilla-Bold.otf"; sourceTree = "<group>"; };
		8F2EDD6E2C1E0E41000F4470 /* SettingsView.swift */ = {isa = PBXFileReference; lastKnownFileType = sourcecode.swift; path = SettingsView.swift; sourceTree = "<group>"; };
		8F5027072C179E4F00832ADA /* TimesAI.app */ = {isa = PBXFileReference; explicitFileType = wrapper.application; includeInIndex = 0; path = TimesAI.app; sourceTree = BUILT_PRODUCTS_DIR; };
		8F50270A2C179E4F00832ADA /* TimesAIApp.swift */ = {isa = PBXFileReference; lastKnownFileType = sourcecode.swift; path = TimesAIApp.swift; sourceTree = "<group>"; };
		8F50270C2C179E4F00832ADA /* ContentView.swift */ = {isa = PBXFileReference; lastKnownFileType = sourcecode.swift; path = ContentView.swift; sourceTree = "<group>"; };
		8F50270E2C179E4F00832ADA /* Item.swift */ = {isa = PBXFileReference; lastKnownFileType = sourcecode.swift; path = Item.swift; sourceTree = "<group>"; };
		8F5027102C179E5100832ADA /* Assets.xcassets */ = {isa = PBXFileReference; lastKnownFileType = folder.assetcatalog; path = Assets.xcassets; sourceTree = "<group>"; };
		8F5027132C179E5100832ADA /* Preview Assets.xcassets */ = {isa = PBXFileReference; lastKnownFileType = folder.assetcatalog; path = "Preview Assets.xcassets"; sourceTree = "<group>"; };
		8F50271C2C179E9400832ADA /* StruggleView.swift */ = {isa = PBXFileReference; lastKnownFileType = sourcecode.swift; path = StruggleView.swift; sourceTree = "<group>"; };
		8F50271E2C179EA600832ADA /* StatisticsView.swift */ = {isa = PBXFileReference; lastKnownFileType = sourcecode.swift; path = StatisticsView.swift; sourceTree = "<group>"; };
		8FCAFFC22C48E31A009958E6 /* Launch Screen.storyboard */ = {isa = PBXFileReference; lastKnownFileType = file.storyboard; path = "Launch Screen.storyboard"; sourceTree = "<group>"; };
/* End PBXFileReference section */

/* Begin PBXFrameworksBuildPhase section */
		8F5027042C179E4F00832ADA /* Frameworks */ = {
			isa = PBXFrameworksBuildPhase;
			buildActionMask = 2147483647;
			files = (
			);
			runOnlyForDeploymentPostprocessing = 0;
		};
/* End PBXFrameworksBuildPhase section */

/* Begin PBXGroup section */
		8F045C4C2C44B464005688F8 /* fonts */ = {
			isa = PBXGroup;
			children = (
				8F27B82C2C48D667003441EE /* Bigilla-Bold.otf */,
				8F27B82A2C48D660003441EE /* Bigilla.otf */,
			);
			path = fonts;
			sourceTree = "<group>";
		};
		8F5026FE2C179E4F00832ADA = {
			isa = PBXGroup;
			children = (
				8F5027092C179E4F00832ADA /* TimesAI */,
				8F5027082C179E4F00832ADA /* Products */,
			);
			sourceTree = "<group>";
		};
		8F5027082C179E4F00832ADA /* Products */ = {
			isa = PBXGroup;
			children = (
				8F5027072C179E4F00832ADA /* TimesAI.app */,
			);
			name = Products;
			sourceTree = "<group>";
		};
		8F5027092C179E4F00832ADA /* TimesAI */ = {
			isa = PBXGroup;
			children = (
				8F045C4C2C44B464005688F8 /* fonts */,
				8F5027222C1A487200832ADA /* Views */,
				8F50270A2C179E4F00832ADA /* TimesAIApp.swift */,
				8F50270E2C179E4F00832ADA /* Item.swift */,
				8FCAFFC22C48E31A009958E6 /* Launch Screen.storyboard */,
				8F5027102C179E5100832ADA /* Assets.xcassets */,
				8F5027122C179E5100832ADA /* Preview Content */,
			);
			path = TimesAI;
			sourceTree = "<group>";
		};
		8F5027122C179E5100832ADA /* Preview Content */ = {
			isa = PBXGroup;
			children = (
				8F5027132C179E5100832ADA /* Preview Assets.xcassets */,
			);
			path = "Preview Content";
			sourceTree = "<group>";
		};
		8F5027222C1A487200832ADA /* Views */ = {
			isa = PBXGroup;
			children = (
				8F50270C2C179E4F00832ADA /* ContentView.swift */,
				8F2EDD6E2C1E0E41000F4470 /* SettingsView.swift */,
				8F50271C2C179E9400832ADA /* StruggleView.swift */,
				8F50271E2C179EA600832ADA /* StatisticsView.swift */,
			);
			path = Views;
			sourceTree = "<group>";
		};
/* End PBXGroup section */

/* Begin PBXNativeTarget section */
		8F5027062C179E4F00832ADA /* TimesAI */ = {
			isa = PBXNativeTarget;
			buildConfigurationList = 8F5027172C179E5100832ADA /* Build configuration list for PBXNativeTarget "TimesAI" */;
			buildPhases = (
				8F5027032C179E4F00832ADA /* Sources */,
				8F5027042C179E4F00832ADA /* Frameworks */,
				8F5027052C179E4F00832ADA /* Resources */,
			);
			buildRules = (
			);
			dependencies = (
			);
			name = TimesAI;
			productName = TimesAI;
			productReference = 8F5027072C179E4F00832ADA /* TimesAI.app */;
			productType = "com.apple.product-type.application";
		};
/* End PBXNativeTarget section */

/* Begin PBXProject section */
		8F5026FF2C179E4F00832ADA /* Project object */ = {
			isa = PBXProject;
			attributes = {
				BuildIndependentTargetsInParallel = 1;
				LastSwiftUpdateCheck = 1510;
				LastUpgradeCheck = 1510;
				TargetAttributes = {
					8F5027062C179E4F00832ADA = {
						CreatedOnToolsVersion = 15.1;
					};
				};
			};
			buildConfigurationList = 8F5027022C179E4F00832ADA /* Build configuration list for PBXProject "TimesAI" */;
			compatibilityVersion = "Xcode 14.0";
			developmentRegion = en;
			hasScannedForEncodings = 0;
			knownRegions = (
				en,
				Base,
			);
			mainGroup = 8F5026FE2C179E4F00832ADA;
			productRefGroup = 8F5027082C179E4F00832ADA /* Products */;
			projectDirPath = "";
			projectRoot = "";
			targets = (
				8F5027062C179E4F00832ADA /* TimesAI */,
			);
		};
/* End PBXProject section */

/* Begin PBXResourcesBuildPhase section */
		8F5027052C179E4F00832ADA /* Resources */ = {
			isa = PBXResourcesBuildPhase;
			buildActionMask = 2147483647;
			files = (
				8F5027142C179E5100832ADA /* Preview Assets.xcassets in Resources */,
				8F27B8292C48D660003441EE /* Bigilla.otf in Resources */,
				8F27B82B2C48D667003441EE /* Bigilla-Bold.otf in Resources */,
				8FCAFFC32C48E31A009958E6 /* Launch Screen.storyboard in Resources */,
				8F5027112C179E5100832ADA /* Assets.xcassets in Resources */,
			);
			runOnlyForDeploymentPostprocessing = 0;
		};
/* End PBXResourcesBuildPhase section */

/* Begin PBXSourcesBuildPhase section */
		8F5027032C179E4F00832ADA /* Sources */ = {
			isa = PBXSourcesBuildPhase;
			buildActionMask = 2147483647;
			files = (
				8F50270D2C179E4F00832ADA /* ContentView.swift in Sources */,
				8F50271F2C179EA600832ADA /* StatisticsView.swift in Sources */,
				8F50271D2C179E9400832ADA /* StruggleView.swift in Sources */,
				8F2EDD6F2C1E0E41000F4470 /* SettingsView.swift in Sources */,
				8F50270F2C179E4F00832ADA /* Item.swift in Sources */,
				8F50270B2C179E4F00832ADA /* TimesAIApp.swift in Sources */,
			);
			runOnlyForDeploymentPostprocessing = 0;
		};
/* End PBXSourcesBuildPhase section */

/* Begin XCBuildConfiguration section */
		8F5027152C179E5100832ADA /* Debug */ = {
			isa = XCBuildConfiguration;
			buildSettings = {
				ALWAYS_SEARCH_USER_PATHS = NO;
				ASSETCATALOG_COMPILER_GENERATE_SWIFT_ASSET_SYMBOL_EXTENSIONS = YES;
				CLANG_ANALYZER_NONNULL = YES;
				CLANG_ANALYZER_NUMBER_OBJECT_CONVERSION = YES_AGGRESSIVE;
				CLANG_CXX_LANGUAGE_STANDARD = "gnu++20";
				CLANG_ENABLE_MODULES = YES;
				CLANG_ENABLE_OBJC_ARC = YES;
				CLANG_ENABLE_OBJC_WEAK = YES;
				CLANG_WARN_BLOCK_CAPTURE_AUTORELEASING = YES;
				CLANG_WARN_BOOL_CONVERSION = YES;
				CLANG_WARN_COMMA = YES;
				CLANG_WARN_CONSTANT_CONVERSION = YES;
				CLANG_WARN_DEPRECATED_OBJC_IMPLEMENTATIONS = YES;
				CLANG_WARN_DIRECT_OBJC_ISA_USAGE = YES_ERROR;
				CLANG_WARN_DOCUMENTATION_COMMENTS = YES;
				CLANG_WARN_EMPTY_BODY = YES;
				CLANG_WARN_ENUM_CONVERSION = YES;
				CLANG_WARN_INFINITE_RECURSION = YES;
				CLANG_WARN_INT_CONVERSION = YES;
				CLANG_WARN_NON_LITERAL_NULL_CONVERSION = YES;
				CLANG_WARN_OBJC_IMPLICIT_RETAIN_SELF = YES;
				CLANG_WARN_OBJC_LITERAL_CONVERSION = YES;
				CLANG_WARN_OBJC_ROOT_CLASS = YES_ERROR;
				CLANG_WARN_QUOTED_INCLUDE_IN_FRAMEWORK_HEADER = YES;
				CLANG_WARN_RANGE_LOOP_ANALYSIS = YES;
				CLANG_WARN_STRICT_PROTOTYPES = YES;
				CLANG_WARN_SUSPICIOUS_MOVE = YES;
				CLANG_WARN_UNGUARDED_AVAILABILITY = YES_AGGRESSIVE;
				CLANG_WARN_UNREACHABLE_CODE = YES;
				CLANG_WARN__DUPLICATE_METHOD_MATCH = YES;
				COPY_PHASE_STRIP = NO;
				DEBUG_INFORMATION_FORMAT = dwarf;
				ENABLE_STRICT_OBJC_MSGSEND = YES;
				ENABLE_TESTABILITY = YES;
				ENABLE_USER_SCRIPT_SANDBOXING = YES;
				GCC_C_LANGUAGE_STANDARD = gnu17;
				GCC_DYNAMIC_NO_PIC = NO;
				GCC_NO_COMMON_BLOCKS = YES;
				GCC_OPTIMIZATION_LEVEL = 0;
				GCC_PREPROCESSOR_DEFINITIONS = (
					"DEBUG=1",
					"$(inherited)",
				);
				GCC_WARN_64_TO_32_BIT_CONVERSION = YES;
				GCC_WARN_ABOUT_RETURN_TYPE = YES_ERROR;
				GCC_WARN_UNDECLARED_SELECTOR = YES;
				GCC_WARN_UNINITIALIZED_AUTOS = YES_AGGRESSIVE;
				GCC_WARN_UNUSED_FUNCTION = YES;
				GCC_WARN_UNUSED_VARIABLE = YES;
				IPHONEOS_DEPLOYMENT_TARGET = 17.2;
				LOCALIZATION_PREFERS_STRING_CATALOGS = YES;
				MTL_ENABLE_DEBUG_INFO = INCLUDE_SOURCE;
				MTL_FAST_MATH = YES;
				ONLY_ACTIVE_ARCH = YES;
				SDKROOT = iphoneos;
				SWIFT_ACTIVE_COMPILATION_CONDITIONS = "DEBUG $(inherited)";
				SWIFT_OPTIMIZATION_LEVEL = "-Onone";
			};
			name = Debug;
		};
		8F5027162C179E5100832ADA /* Release */ = {
			isa = XCBuildConfiguration;
			buildSettings = {
				ALWAYS_SEARCH_USER_PATHS = NO;
				ASSETCATALOG_COMPILER_GENERATE_SWIFT_ASSET_SYMBOL_EXTENSIONS = YES;
				CLANG_ANALYZER_NONNULL = YES;
				CLANG_ANALYZER_NUMBER_OBJECT_CONVERSION = YES_AGGRESSIVE;
				CLANG_CXX_LANGUAGE_STANDARD = "gnu++20";
				CLANG_ENABLE_MODULES = YES;
				CLANG_ENABLE_OBJC_ARC = YES;
				CLANG_ENABLE_OBJC_WEAK = YES;
				CLANG_WARN_BLOCK_CAPTURE_AUTORELEASING = YES;
				CLANG_WARN_BOOL_CONVERSION = YES;
				CLANG_WARN_COMMA = YES;
				CLANG_WARN_CONSTANT_CONVERSION = YES;
				CLANG_WARN_DEPRECATED_OBJC_IMPLEMENTATIONS = YES;
				CLANG_WARN_DIRECT_OBJC_ISA_USAGE = YES_ERROR;
				CLANG_WARN_DOCUMENTATION_COMMENTS = YES;
				CLANG_WARN_EMPTY_BODY = YES;
				CLANG_WARN_ENUM_CONVERSION = YES;
				CLANG_WARN_INFINITE_RECURSION = YES;
				CLANG_WARN_INT_CONVERSION = YES;
				CLANG_WARN_NON_LITERAL_NULL_CONVERSION = YES;
				CLANG_WARN_OBJC_IMPLICIT_RETAIN_SELF = YES;
				CLANG_WARN_OBJC_LITERAL_CONVERSION = YES;
				CLANG_WARN_OBJC_ROOT_CLASS = YES_ERROR;
				CLANG_WARN_QUOTED_INCLUDE_IN_FRAMEWORK_HEADER = YES;
				CLANG_WARN_RANGE_LOOP_ANALYSIS = YES;
				CLANG_WARN_STRICT_PROTOTYPES = YES;
				CLANG_WARN_SUSPICIOUS_MOVE = YES;
				CLANG_WARN_UNGUARDED_AVAILABILITY = YES_AGGRESSIVE;
				CLANG_WARN_UNREACHABLE_CODE = YES;
				CLANG_WARN__DUPLICATE_METHOD_MATCH = YES;
				COPY_PHASE_STRIP = NO;
				DEBUG_INFORMATION_FORMAT = "dwarf-with-dsym";
				ENABLE_NS_ASSERTIONS = NO;
				ENABLE_STRICT_OBJC_MSGSEND = YES;
				ENABLE_USER_SCRIPT_SANDBOXING = YES;
				GCC_C_LANGUAGE_STANDARD = gnu17;
				GCC_NO_COMMON_BLOCKS = YES;
				GCC_WARN_64_TO_32_BIT_CONVERSION = YES;
				GCC_WARN_ABOUT_RETURN_TYPE = YES_ERROR;
				GCC_WARN_UNDECLARED_SELECTOR = YES;
				GCC_WARN_UNINITIALIZED_AUTOS = YES_AGGRESSIVE;
				GCC_WARN_UNUSED_FUNCTION = YES;
				GCC_WARN_UNUSED_VARIABLE = YES;
				IPHONEOS_DEPLOYMENT_TARGET = 17.2;
				LOCALIZATION_PREFERS_STRING_CATALOGS = YES;
				MTL_ENABLE_DEBUG_INFO = NO;
				MTL_FAST_MATH = YES;
				SDKROOT = iphoneos;
				SWIFT_COMPILATION_MODE = wholemodule;
				VALIDATE_PRODUCT = YES;
			};
			name = Release;
		};
		8F5027182C179E5100832ADA /* Debug */ = {
			isa = XCBuildConfiguration;
			buildSettings = {
				ASSETCATALOG_COMPILER_APPICON_NAME = AppIcon;
				ASSETCATALOG_COMPILER_GLOBAL_ACCENT_COLOR_NAME = AccentColor;
				ASSETCATALOG_COMPILER_INCLUDE_ALL_APPICON_ASSETS = NO;
				CODE_SIGN_IDENTITY = "Apple Development";
				CODE_SIGN_STYLE = Automatic;
				CURRENT_PROJECT_VERSION = 1;
				DEVELOPMENT_ASSET_PATHS = "\"TimesAI/Preview Content\"";
				DEVELOPMENT_TEAM = 39G8PAC48C;
				ENABLE_PREVIEWS = YES;
				GENERATE_INFOPLIST_FILE = YES;
				INFOPLIST_FILE = TimesAI/Info.plist;
				INFOPLIST_KEY_CFBundleDisplayName = Times;
				INFOPLIST_KEY_LSApplicationCategoryType = "public.app-category.education";
				INFOPLIST_KEY_UIApplicationSceneManifest_Generation = YES;
				INFOPLIST_KEY_UIApplicationSupportsIndirectInputEvents = YES;
				INFOPLIST_KEY_UILaunchScreen_Generation = YES;
				INFOPLIST_KEY_UILaunchStoryboardName = "Launch Screen.storyboard";
				INFOPLIST_KEY_UISupportedInterfaceOrientations = UIInterfaceOrientationPortrait;
				INFOPLIST_KEY_UISupportedInterfaceOrientations_iPad = "UIInterfaceOrientationLandscapeLeft UIInterfaceOrientationLandscapeRight UIInterfaceOrientationPortrait UIInterfaceOrientationPortraitUpsideDown";
				IPHONEOS_DEPLOYMENT_TARGET = 17.0;
				LD_RUNPATH_SEARCH_PATHS = (
					"$(inherited)",
					"@executable_path/Frameworks",
				);
				MARKETING_VERSION = 1.21;
				PRODUCT_BUNDLE_IDENTIFIER = ompatel.TimesAIApp;
				PRODUCT_NAME = "$(TARGET_NAME)";
				PROVISIONING_PROFILE_SPECIFIER = "";
				SUPPORTED_PLATFORMS = "iphoneos iphonesimulator";
				SUPPORTS_MACCATALYST = NO;
				SUPPORTS_MAC_DESIGNED_FOR_IPHONE_IPAD = NO;
				SWIFT_EMIT_LOC_STRINGS = YES;
				SWIFT_VERSION = 5.0;
				TARGETED_DEVICE_FAMILY = "1,2";
			};
			name = Debug;
		};
		8F5027192C179E5100832ADA /* Release */ = {
			isa = XCBuildConfiguration;
			buildSettings = {
				ASSETCATALOG_COMPILER_APPICON_NAME = AppIcon;
				ASSETCATALOG_COMPILER_GLOBAL_ACCENT_COLOR_NAME = AccentColor;
				ASSETCATALOG_COMPILER_INCLUDE_ALL_APPICON_ASSETS = NO;
				CODE_SIGN_IDENTITY = "Apple Development";
				CODE_SIGN_STYLE = Automatic;
				CURRENT_PROJECT_VERSION = 1;
				DEVELOPMENT_ASSET_PATHS = "\"TimesAI/Preview Content\"";
				DEVELOPMENT_TEAM = 39G8PAC48C;
				ENABLE_PREVIEWS = YES;
				GENERATE_INFOPLIST_FILE = YES;
				INFOPLIST_FILE = TimesAI/Info.plist;
				INFOPLIST_KEY_CFBundleDisplayName = Times;
				INFOPLIST_KEY_LSApplicationCategoryType = "public.app-category.education";
				INFOPLIST_KEY_UIApplicationSceneManifest_Generation = YES;
				INFOPLIST_KEY_UIApplicationSupportsIndirectInputEvents = YES;
				INFOPLIST_KEY_UILaunchScreen_Generation = YES;
				INFOPLIST_KEY_UILaunchStoryboardName = "Launch Screen.storyboard";
				INFOPLIST_KEY_UISupportedInterfaceOrientations = UIInterfaceOrientationPortrait;
				INFOPLIST_KEY_UISupportedInterfaceOrientations_iPad = "UIInterfaceOrientationLandscapeLeft UIInterfaceOrientationLandscapeRight UIInterfaceOrientationPortrait UIInterfaceOrientationPortraitUpsideDown";
				IPHONEOS_DEPLOYMENT_TARGET = 17.0;
				LD_RUNPATH_SEARCH_PATHS = (
					"$(inherited)",
					"@executable_path/Frameworks",
				);
				MARKETING_VERSION = 1.21;
				PRODUCT_BUNDLE_IDENTIFIER = ompatel.TimesAIApp;
				PRODUCT_NAME = "$(TARGET_NAME)";
				PROVISIONING_PROFILE_SPECIFIER = "";
				SUPPORTED_PLATFORMS = "iphoneos iphonesimulator";
				SUPPORTS_MACCATALYST = NO;
				SUPPORTS_MAC_DESIGNED_FOR_IPHONE_IPAD = NO;
				SWIFT_EMIT_LOC_STRINGS = YES;
				SWIFT_VERSION = 5.0;
				TARGETED_DEVICE_FAMILY = "1,2";
			};
			name = Release;
		};
/* End XCBuildConfiguration section */

/* Begin XCConfigurationList section */
		8F5027022C179E4F00832ADA /* Build configuration list for PBXProject "TimesAI" */ = {
			isa = XCConfigurationList;
			buildConfigurations = (
				8F5027152C179E5100832ADA /* Debug */,
				8F5027162C179E5100832ADA /* Release */,
			);
			defaultConfigurationIsVisible = 0;
			defaultConfigurationName = Release;
		};
		8F5027172C179E5100832ADA /* Build configuration list for PBXNativeTarget "TimesAI" */ = {
			isa = XCConfigurationList;
			buildConfigurations = (
				8F5027182C179E5100832ADA /* Debug */,
				8F5027192C179E5100832ADA /* Release */,
			);
			defaultConfigurationIsVisible = 0;
			defaultConfigurationName = Release;
		};
/* End XCConfigurationList section */
	};
	rootObject = 8F5026FF2C179E4F00832ADA /* Project object */;
}
